{
  "nodes": {
    "nixos-unstable": {
      "locked": {
        "lastModified": 1719254875,
        "narHash": "sha256-ECni+IkwXjusHsm9Sexdtq8weAq/yUyt1TWIemXt3Ko=",
        "owner": "nixos",
        "repo": "nixpkgs",
        "rev": "2893f56de08021cffd9b6b6dfc70fd9ccd51eb60",
        "type": "github"
      },
      "original": {
        "owner": "nixos",
        "ref": "nixos-unstable",
        "repo": "nixpkgs",
        "type": "github"
      }
    },
    "nixpkgs": {
      "locked": {
        "lastModified": 1719253556,
        "narHash": "sha256-A/76RFUVxZ/7Y8+OMVL1Lc8LRhBxZ8ZE2bpMnvZ1VpY=",
        "owner": "NixOS",
        "repo": "nixpkgs",
        "rev": "fc07dc3bdf2956ddd64f24612ea7fc894933eb2e",
        "type": "github"
      },
      "original": {
        "id": "nixpkgs",
        "ref": "nixos-24.05",
        "type": "indirect"
      }
    },
    "root": {
      "inputs": {
        "nixos-unstable": "nixos-unstable",
        "nixpkgs": "nixpkgs"
      }
    }
  },
  "root": "root",
  "version": 7
}
